
Microsoft Visual Studio Solution File, Format Version 12.00
# Visual Studio 2012
Project("{8BC9CEB8-8B4A-11D0-8D11-00A0C91BC942}") = "LL(1) Parser Generator", "LL(1) Parser Generator\LL(1) Parser Generator.vcxproj", "{9EB174C3-3CC9-4CC0-B222-6D5F949B69FE}"
EndProject
Global
	GlobalSection(SolutionConfigurationPlatforms) = preSolution
		Debug|Win32 = Debug|Win32
		Release|Win32 = Release|Win32
	EndGlobalSection
	GlobalSection(ProjectConfigurationPlatforms) = postSolution
		{9EB174C3-3CC9-4CC0-B222-6D5F949B69FE}.Debug|Win32.ActiveCfg = Debug|Win32
		{9EB174C3-3CC9-4CC0-B222-6D5F949B69FE}.Debug|Win32.Build.0 = Debug|Win32
		{9EB174C3-3CC9-4CC0-B222-6D5F949B69FE}.Release|Win32.ActiveCfg = Release|Win32
		{9EB174C3-3CC9-4CC0-B222-6D5F949B69FE}.Release|Win32.Build.0 = Release|Win32
	EndGlobalSection
	GlobalSection(SolutionProperties) = preSolution
		HideSolutionNode = FALSE
	EndGlobalSection
EndGlobal
